// !$*UTF8*$!
{
	archiveVersion = 1;
	classes = {
	};
	objectVersion = 46;
	objects = {

/* Begin PBXBuildFile section */
		CCAC5D951518675400F19BEA /* UIKit.framework in Frameworks */ = {isa = PBXBuildFile; fileRef = CCAC5D941518675400F19BEA /* UIKit.framework */; };
		CCAC5D971518675400F19BEA /* Foundation.framework in Frameworks */ = {isa = PBXBuildFile; fileRef = CCAC5D961518675400F19BEA /* Foundation.framework */; };
		CCAC5D991518675400F19BEA /* CoreGraphics.framework in Frameworks */ = {isa = PBXBuildFile; fileRef = CCAC5D981518675400F19BEA /* CoreGraphics.framework */; };
		CCAC5D9F1518675400F19BEA /* InfoPlist.strings in Resources */ = {isa = PBXBuildFile; fileRef = CCAC5D9D1518675400F19BEA /* InfoPlist.strings */; };
		CCAC5DA11518675400F19BEA /* main.m in Sources */ = {isa = PBXBuildFile; fileRef = CCAC5DA01518675400F19BEA /* main.m */; };
		CCAC5DA51518675400F19BEA /* March22AppDelegate.m in Sources */ = {isa = PBXBuildFile; fileRef = CCAC5DA41518675400F19BEA /* March22AppDelegate.m */; };
/* End PBXBuildFile section */

/* Begin PBXFileReference section */
		CCAC5D901518675400F19BEA /* March22.app */ = {isa = PBXFileReference; explicitFileType = wrapper.application; includeInIndex = 0; path = March22.app; sourceTree = BUILT_PRODUCTS_DIR; };
		CCAC5D941518675400F19BEA /* UIKit.framework */ = {isa = PBXFileReference; lastKnownFileType = wrapper.framework; name = UIKit.framework; path = System/Library/Frameworks/UIKit.framework; sourceTree = SDKROOT; };
		CCAC5D961518675400F19BEA /* Foundation.framework */ = {isa = PBXFileReference; lastKnownFileType = wrapper.framework; name = Foundation.framework; path = System/Library/Frameworks/Foundation.framework; sourceTree = SDKROOT; };
		CCAC5D981518675400F19BEA /* CoreGraphics.framework */ = {isa = PBXFileReference; lastKnownFileType = wrapper.framework; name = CoreGraphics.framework; path = System/Library/Frameworks/CoreGraphics.framework; sourceTree = SDKROOT; };
		CCAC5D9C1518675400F19BEA /* March22-Info.plist */ = {isa = PBXFileReference; lastKnownFileType = text.plist.xml; path = "March22-Info.plist"; sourceTree = "<group>"; };
		CCAC5D9E1518675400F19BEA /* en */ = {isa = PBXFileReference; lastKnownFileType = text.plist.strings; name = en; path = en.lproj/InfoPlist.strings; sourceTree = "<group>"; };
		CCAC5DA01518675400F19BEA /* main.m */ = {isa = PBXFileReference; lastKnownFileType = sourcecode.c.objc; path = main.m; sourceTree = "<group>"; };
		CCAC5DA21518675400F19BEA /* March22-Prefix.pch */ = {isa = PBXFileReference; lastKnownFileType = sourcecode.c.h; path = "March22-Prefix.pch"; sourceTree = "<group>"; };
		CCAC5DA31518675400F19BEA /* March22AppDelegate.h */ = {isa = PBXFileReference; lastKnownFileType = sourcecode.c.h; path = March22AppDelegate.h; sourceTree = "<group>"; };
		CCAC5DA41518675400F19BEA /* March22AppDelegate.m */ = {isa = PBXFileReference; lastKnownFileType = sourcecode.c.objc; path = March22AppDelegate.m; sourceTree = "<group>"; };
/* End PBXFileReference section */

/* Begin PBXFrameworksBuildPhase section */
		CCAC5D8D1518675400F19BEA /* Frameworks */ = {
			isa = PBXFrameworksBuildPhase;
			buildActionMask = 2147483647;
			files = (
				CCAC5D951518675400F19BEA /* UIKit.framework in Frameworks */,
				CCAC5D971518675400F19BEA /* Foundation.framework in Frameworks */,
				CCAC5D991518675400F19BEA /* CoreGraphics.framework in Frameworks */,
			);
			runOnlyForDeploymentPostprocessing = 0;
		};
/* End PBXFrameworksBuildPhase section */

/* Begin PBXGroup section */
		CCAC5D851518675400F19BEA = {
			isa = PBXGroup;
			children = (
				CCAC5D9A1518675400F19BEA /* March22 */,
				CCAC5D931518675400F19BEA /* Frameworks */,
				CCAC5D911518675400F19BEA /* Products */,
			);
			sourceTree = "<group>";
		};
		CCAC5D911518675400F19BEA /* Products */ = {
			isa = PBXGroup;
			children = (
				CCAC5D901518675400F19BEA /* March22.app */,
			);
			name = Products;
			sourceTree = "<group>";
		};
		CCAC5D931518675400F19BEA /* Frameworks */ = {
			isa = PBXGroup;
			children = (
				CCAC5D941518675400F19BEA /* UIKit.framework */,
				CCAC5D961518675400F19BEA /* Foundation.framework */,
				CCAC5D981518675400F19BEA /* CoreGraphics.framework */,
			);
			name = Frameworks;
			sourceTree = "<group>";
		};
		CCAC5D9A1518675400F19BEA /* March22 */ = {
			isa = PBXGroup;
			children = (
				CCAC5DA31518675400F19BEA /* March22AppDelegate.h */,
				CCAC5DA41518675400F19BEA /* March22AppDelegate.m */,
				CCAC5D9B1518675400F19BEA /* Supporting Files */,
			);
			path = March22;
			sourceTree = "<group>";
		};
		CCAC5D9B1518675400F19BEA /* Supporting Files */ = {
			isa = PBXGroup;
			children = (
				CCAC5D9C1518675400F19BEA /* March22-Info.plist */,
				CCAC5D9D1518675400F19BEA /* InfoPlist.strings */,
				CCAC5DA01518675400F19BEA /* main.m */,
				CCAC5DA21518675400F19BEA /* March22-Prefix.pch */,
			);
			name = "Supporting Files";
			sourceTree = "<group>";
		};
/* End PBXGroup section */

/* Begin PBXNativeTarget section */
		CCAC5D8F1518675400F19BEA /* March22 */ = {
			isa = PBXNativeTarget;
			buildConfigurationList = CCAC5DA81518675400F19BEA /* Build configuration list for PBXNativeTarget "March22" */;
			buildPhases = (
				CCAC5D8C1518675400F19BEA /* Sources */,
				CCAC5D8D1518675400F19BEA /* Frameworks */,
				CCAC5D8E1518675400F19BEA /* Resources */,
			);
			buildRules = (
			);
			dependencies = (
			);
			name = March22;
			productName = March22;
			productReference = CCAC5D901518675400F19BEA /* March22.app */;
			productType = "com.apple.product-type.application";
		};
/* End PBXNativeTarget section */

/* Begin PBXProject section */
		CCAC5D871518675400F19BEA /* Project object */ = {
			isa = PBXProject;
			attributes = {
				CLASSPREFIX = March22;
				LastUpgradeCheck = 0430;
			};
			buildConfigurationList = CCAC5D8A1518675400F19BEA /* Build configuration list for PBXProject "March22" */;
			compatibilityVersion = "Xcode 3.2";
			developmentRegion = English;
			hasScannedForEncodings = 0;
			knownRegions = (
				en,
			);
			mainGroup = CCAC5D851518675400F19BEA;
			productRefGroup = CCAC5D911518675400F19BEA /* Products */;
			projectDirPath = "";
			projectRoot = "";
			targets = (
				CCAC5D8F1518675400F19BEA /* March22 */,
			);
		};
/* End PBXProject section */

/* Begin PBXResourcesBuildPhase section */
		CCAC5D8E1518675400F19BEA /* Resources */ = {
			isa = PBXResourcesBuildPhase;
			buildActionMask = 2147483647;
			files = (
				CCAC5D9F1518675400F19BEA /* InfoPlist.strings in Resources */,
			);
			runOnlyForDeploymentPostprocessing = 0;
		};
/* End PBXResourcesBuildPhase section */

/* Begin PBXSourcesBuildPhase section */
		CCAC5D8C1518675400F19BEA /* Sources */ = {
			isa = PBXSourcesBuildPhase;
			buildActionMask = 2147483647;
			files = (
				CCAC5DA11518675400F19BEA /* main.m in Sources */,
				CCAC5DA51518675400F19BEA /* March22AppDelegate.m in Sources */,
			);
			runOnlyForDeploymentPostprocessing = 0;
		};
/* End PBXSourcesBuildPhase section */

/* Begin PBXVariantGroup section */
		CCAC5D9D1518675400F19BEA /* InfoPlist.strings */ = {
			isa = PBXVariantGroup;
			children = (
				CCAC5D9E1518675400F19BEA /* en */,
			);
			name = InfoPlist.strings;
			sourceTree = "<group>";
		};
/* End PBXVariantGroup section */

/* Begin XCBuildConfiguration section */
		CCAC5DA61518675400F19BEA /* Debug */ = {
			isa = XCBuildConfiguration;
			buildSettings = {
				ALWAYS_SEARCH_USER_PATHS = NO;
				ARCHS = "$(ARCHS_STANDARD_32_BIT)";
				CLANG_ENABLE_OBJC_ARC = YES;
				"CODE_SIGN_IDENTITY[sdk=iphoneos*]" = "iPhone Developer";
				COPY_PHASE_STRIP = NO;
				GCC_C_LANGUAGE_STANDARD = gnu99;
				GCC_DYNAMIC_NO_PIC = NO;
				GCC_OPTIMIZATION_LEVEL = 0;
				GCC_PREPROCESSOR_DEFINITIONS = (
					"DEBUG=1",
					"$(inherited)",
				);
				GCC_SYMBOLS_PRIVATE_EXTERN = NO;
				GCC_VERSION = com.apple.compilers.llvm.clang.1_0;
				GCC_WARN_ABOUT_RETURN_TYPE = YES;
				GCC_WARN_UNINITIALIZED_AUTOS = YES;
				GCC_WARN_UNUSED_VARIABLE = YES;
				IPHONEOS_DEPLOYMENT_TARGET = 5.1;
				SDKROOT = iphoneos;
			};
			name = Debug;
		};
		CCAC5DA71518675400F19BEA /* Release */ = {
			isa = XCBuildConfiguration;
			buildSettings = {
				ALWAYS_SEARCH_USER_PATHS = NO;
				ARCHS = "$(ARCHS_STANDARD_32_BIT)";
				CLANG_ENABLE_OBJC_ARC = YES;
				"CODE_SIGN_IDENTITY[sdk=iphoneos*]" = "iPhone Developer";
				COPY_PHASE_STRIP = YES;
				GCC_C_LANGUAGE_STANDARD = gnu99;
				GCC_VERSION = com.apple.compilers.llvm.clang.1_0;
				GCC_WARN_ABOUT_RETURN_TYPE = YES;
				GCC_WARN_UNINITIALIZED_AUTOS = YES;
				GCC_WARN_UNUSED_VARIABLE = YES;
				IPHONEOS_DEPLOYMENT_TARGET = 5.1;
				OTHER_CFLAGS = "-DNS_BLOCK_ASSERTIONS=1";
				SDKROOT = iphoneos;
				VALIDATE_PRODUCT = YES;
			};
			name = Release;
		};
		CCAC5DA91518675400F19BEA /* Debug */ = {
			isa = XCBuildConfiguration;
			buildSettings = {
				GCC_PRECOMPILE_PREFIX_HEADER = YES;
				GCC_PREFIX_HEADER = "March22/March22-Prefix.pch";
				INFOPLIST_FILE = "March22/March22-Info.plist";
				PRODUCT_NAME = "$(TARGET_NAME)";
				WRAPPER_EXTENSION = app;
			};
			name = Debug;
		};
		CCAC5DAA1518675400F19BEA /* Release */ = {
			isa = XCBuildConfiguration;
			buildSettings = {
				GCC_PRECOMPILE_PREFIX_HEADER = YES;
				GCC_PREFIX_HEADER = "March22/March22-Prefix.pch";
				INFOPLIST_FILE = "March22/March22-Info.plist";
				PRODUCT_NAME = "$(TARGET_NAME)";
				WRAPPER_EXTENSION = app;
			};
			name = Release;
		};
/* End XCBuildConfiguration section */

/* Begin XCConfigurationList section */
		CCAC5D8A1518675400F19BEA /* Build configuration list for PBXProject "March22" */ = {
			isa = XCConfigurationList;
			buildConfigurations = (
				CCAC5DA61518675400F19BEA /* Debug */,
				CCAC5DA71518675400F19BEA /* Release */,
			);
			defaultConfigurationIsVisible = 0;
			defaultConfigurationName = Release;
		};
		CCAC5DA81518675400F19BEA /* Build configuration list for PBXNativeTarget "March22" */ = {
			isa = XCConfigurationList;
			buildConfigurations = (
				CCAC5DA91518675400F19BEA /* Debug */,
				CCAC5DAA1518675400F19BEA /* Release */,
			);
			defaultConfigurationIsVisible = 0;
		};
/* End XCConfigurationList section */
	};
	rootObject = CCAC5D871518675400F19BEA /* Project object */;
}
